// !$*UTF8*$!
{
	archiveVersion = 1;
	classes = {
	};
	objectVersion = 77;
	objects = {

/* Begin PBXContainerItemProxy section */
		826F554A2ECB541E000D8A90 /* PBXContainerItemProxy */ = {
			isa = PBXContainerItemProxy;
			containerPortal = 826F552B2ECB541D000D8A90 /* Project object */;
			proxyType = 1;
			remoteGlobalIDString = 826F55322ECB541D000D8A90;
			remoteInfo = "ArchToDo MVVM";
		};
		826F55542ECB541E000D8A90 /* PBXContainerItemProxy */ = {
			isa = PBXContainerItemProxy;
			containerPortal = 826F552B2ECB541D000D8A90 /* Project object */;
			proxyType = 1;
			remoteGlobalIDString = 826F55322ECB541D000D8A90;
			remoteInfo = "ArchToDo MVVM";
		};
/* End PBXContainerItemProxy section */

/* Begin PBXFileReference section */
		826F55332ECB541D000D8A90 /* ArchToDo MVVM.app */ = {isa = PBXFileReference; explicitFileType = wrapper.application; includeInIndex = 0; path = "ArchToDo MVVM.app"; sourceTree = BUILT_PRODUCTS_DIR; };
		826F55492ECB541E000D8A90 /* ArchToDo MVVMTests.xctest */ = {isa = PBXFileReference; explicitFileType = wrapper.cfbundle; includeInIndex = 0; path = "ArchToDo MVVMTests.xctest"; sourceTree = BUILT_PRODUCTS_DIR; };
		826F55532ECB541E000D8A90 /* ArchToDo MVVMUITests.xctest */ = {isa = PBXFileReference; explicitFileType = wrapper.cfbundle; includeInIndex = 0; path = "ArchToDo MVVMUITests.xctest"; sourceTree = BUILT_PRODUCTS_DIR; };
/* End PBXFileReference section */

/* Begin PBXFileSystemSynchronizedBuildFileExceptionSet section */
		826F555B2ECB541E000D8A90 /* Exceptions for "ArchToDo MVVM" folder in "ArchToDo MVVM" target */ = {
			isa = PBXFileSystemSynchronizedBuildFileExceptionSet;
			membershipExceptions = (
				Application/Info.plist,
			);
			target = 826F55322ECB541D000D8A90 /* ArchToDo MVVM */;
		};
/* End PBXFileSystemSynchronizedBuildFileExceptionSet section */

/* Begin PBXFileSystemSynchronizedRootGroup section */
		826F55352ECB541D000D8A90 /* ArchToDo MVVM */ = {
			isa = PBXFileSystemSynchronizedRootGroup;
			exceptions = (
				826F555B2ECB541E000D8A90 /* Exceptions for "ArchToDo MVVM" folder in "ArchToDo MVVM" target */,
			);
			path = "ArchToDo MVVM";
			sourceTree = "<group>";
		};
		826F554C2ECB541E000D8A90 /* ArchToDo MVVMTests */ = {
			isa = PBXFileSystemSynchronizedRootGroup;
			path = "ArchToDo MVVMTests";
			sourceTree = "<group>";
		};
		826F55562ECB541E000D8A90 /* ArchToDo MVVMUITests */ = {
			isa = PBXFileSystemSynchronizedRootGroup;
			path = "ArchToDo MVVMUITests";
			sourceTree = "<group>";
		};
/* End PBXFileSystemSynchronizedRootGroup section */

/* Begin PBXFrameworksBuildPhase section */
		826F55302ECB541D000D8A90 /* Frameworks */ = {
			isa = PBXFrameworksBuildPhase;
			buildActionMask = 2147483647;
			files = (
			);
			runOnlyForDeploymentPostprocessing = 0;
		};
		826F55462ECB541E000D8A90 /* Frameworks */ = {
			isa = PBXFrameworksBuildPhase;
			buildActionMask = 2147483647;
			files = (
			);
			runOnlyForDeploymentPostprocessing = 0;
		};
		826F55502ECB541E000D8A90 /* Frameworks */ = {
			isa = PBXFrameworksBuildPhase;
			buildActionMask = 2147483647;
			files = (
			);
			runOnlyForDeploymentPostprocessing = 0;
		};
/* End PBXFrameworksBuildPhase section */

/* Begin PBXGroup section */
		826F552A2ECB541D000D8A90 = {
			isa = PBXGroup;
			children = (
				826F55352ECB541D000D8A90 /* ArchToDo MVVM */,
				826F554C2ECB541E000D8A90 /* ArchToDo MVVMTests */,
				826F55562ECB541E000D8A90 /* ArchToDo MVVMUITests */,
				826F55342ECB541D000D8A90 /* Products */,
			);
			sourceTree = "<group>";
		};
		826F55342ECB541D000D8A90 /* Products */ = {
			isa = PBXGroup;
			children = (
				826F55332ECB541D000D8A90 /* ArchToDo MVVM.app */,
				826F55492ECB541E000D8A90 /* ArchToDo MVVMTests.xctest */,
				826F55532ECB541E000D8A90 /* ArchToDo MVVMUITests.xctest */,
			);
			name = Products;
			sourceTree = "<group>";
		};
/* End PBXGroup section */

/* Begin PBXNativeTarget section */
		826F55322ECB541D000D8A90 /* ArchToDo MVVM */ = {
			isa = PBXNativeTarget;
			buildConfigurationList = 826F555C2ECB541E000D8A90 /* Build configuration list for PBXNativeTarget "ArchToDo MVVM" */;
			buildPhases = (
				826F552F2ECB541D000D8A90 /* Sources */,
				826F55302ECB541D000D8A90 /* Frameworks */,
				826F55312ECB541D000D8A90 /* Resources */,
			);
			buildRules = (
			);
			dependencies = (
			);
			fileSystemSynchronizedGroups = (
				826F55352ECB541D000D8A90 /* ArchToDo MVVM */,
			);
			name = "ArchToDo MVVM";
			packageProductDependencies = (
			);
			productName = "ArchToDo MVVM";
			productReference = 826F55332ECB541D000D8A90 /* ArchToDo MVVM.app */;
			productType = "com.apple.product-type.application";
		};
		826F55482ECB541E000D8A90 /* ArchToDo MVVMTests */ = {
			isa = PBXNativeTarget;
			buildConfigurationList = 826F55612ECB541E000D8A90 /* Build configuration list for PBXNativeTarget "ArchToDo MVVMTests" */;
			buildPhases = (
				826F55452ECB541E000D8A90 /* Sources */,
				826F55462ECB541E000D8A90 /* Frameworks */,
				826F55472ECB541E000D8A90 /* Resources */,
			);
			buildRules = (
			);
			dependencies = (
				826F554B2ECB541E000D8A90 /* PBXTargetDependency */,
			);
			fileSystemSynchronizedGroups = (
				826F554C2ECB541E000D8A90 /* ArchToDo MVVMTests */,
			);
			name = "ArchToDo MVVMTests";
			packageProductDependencies = (
			);
			productName = "ArchToDo MVVMTests";
			productReference = 826F55492ECB541E000D8A90 /* ArchToDo MVVMTests.xctest */;
			productType = "com.apple.product-type.bundle.unit-test";
		};
		826F55522ECB541E000D8A90 /* ArchToDo MVVMUITests */ = {
			isa = PBXNativeTarget;
			buildConfigurationList = 826F55642ECB541E000D8A90 /* Build configuration list for PBXNativeTarget "ArchToDo MVVMUITests" */;
			buildPhases = (
				826F554F2ECB541E000D8A90 /* Sources */,
				826F55502ECB541E000D8A90 /* Frameworks */,
				826F55512ECB541E000D8A90 /* Resources */,
			);
			buildRules = (
			);
			dependencies = (
				826F55552ECB541E000D8A90 /* PBXTargetDependency */,
			);
			fileSystemSynchronizedGroups = (
				826F55562ECB541E000D8A90 /* ArchToDo MVVMUITests */,
			);
			name = "ArchToDo MVVMUITests";
			packageProductDependencies = (
			);
			productName = "ArchToDo MVVMUITests";
			productReference = 826F55532ECB541E000D8A90 /* ArchToDo MVVMUITests.xctest */;
			productType = "com.apple.product-type.bundle.ui-testing";
		};
/* End PBXNativeTarget section */

/* Begin PBXProject section */
		826F552B2ECB541D000D8A90 /* Project object */ = {
			isa = PBXProject;
			attributes = {
				BuildIndependentTargetsInParallel = 1;
				LastSwiftUpdateCheck = 2600;
				LastUpgradeCheck = 2600;
				TargetAttributes = {
					826F55322ECB541D000D8A90 = {
						CreatedOnToolsVersion = 26.0.1;
					};
					826F55482ECB541E000D8A90 = {
						CreatedOnToolsVersion = 26.0.1;
						TestTargetID = 826F55322ECB541D000D8A90;
					};
					826F55522ECB541E000D8A90 = {
						CreatedOnToolsVersion = 26.0.1;
						TestTargetID = 826F55322ECB541D000D8A90;
					};
				};
			};
			buildConfigurationList = 826F552E2ECB541D000D8A90 /* Build configuration list for PBXProject "ArchToDo MVVM" */;
			developmentRegion = en;
			hasScannedForEncodings = 0;
			knownRegions = (
				en,
				Base,
			);
			mainGroup = 826F552A2ECB541D000D8A90;
			minimizedProjectReferenceProxies = 1;
			preferredProjectObjectVersion = 77;
			productRefGroup = 826F55342ECB541D000D8A90 /* Products */;
			projectDirPath = "";
			projectRoot = "";
			targets = (
				826F55322ECB541D000D8A90 /* ArchToDo MVVM */,
				826F55482ECB541E000D8A90 /* ArchToDo MVVMTests */,
				826F55522ECB541E000D8A90 /* ArchToDo MVVMUITests */,
			);
		};
/* End PBXProject section */

/* Begin PBXResourcesBuildPhase section */
		826F55312ECB541D000D8A90 /* Resources */ = {
			isa = PBXResourcesBuildPhase;
			buildActionMask = 2147483647;
			files = (
			);
			runOnlyForDeploymentPostprocessing = 0;
		};
		826F55472ECB541E000D8A90 /* Resources */ = {
			isa = PBXResourcesBuildPhase;
			buildActionMask = 2147483647;
			files = (
			);
			runOnlyForDeploymentPostprocessing = 0;
		};
		826F55512ECB541E000D8A90 /* Resources */ = {
			isa = PBXResourcesBuildPhase;
			buildActionMask = 2147483647;
			files = (
			);
			runOnlyForDeploymentPostprocessing = 0;
		};
/* End PBXResourcesBuildPhase section */

/* Begin PBXSourcesBuildPhase section */
		826F552F2ECB541D000D8A90 /* Sources */ = {
			isa = PBXSourcesBuildPhase;
			buildActionMask = 2147483647;
			files = (
			);
			runOnlyForDeploymentPostprocessing = 0;
		};
		826F55452ECB541E000D8A90 /* Sources */ = {
			isa = PBXSourcesBuildPhase;
			buildActionMask = 2147483647;
			files = (
			);
			runOnlyForDeploymentPostprocessing = 0;
		};
		826F554F2ECB541E000D8A90 /* Sources */ = {
			isa = PBXSourcesBuildPhase;
			buildActionMask = 2147483647;
			files = (
			);
			runOnlyForDeploymentPostprocessing = 0;
		};
/* End PBXSourcesBuildPhase section */

/* Begin PBXTargetDependency section */
		826F554B2ECB541E000D8A90 /* PBXTargetDependency */ = {
			isa = PBXTargetDependency;
			target = 826F55322ECB541D000D8A90 /* ArchToDo MVVM */;
			targetProxy = 826F554A2ECB541E000D8A90 /* PBXContainerItemProxy */;
		};
		826F55552ECB541E000D8A90 /* PBXTargetDependency */ = {
			isa = PBXTargetDependency;
			target = 826F55322ECB541D000D8A90 /* ArchToDo MVVM */;
			targetProxy = 826F55542ECB541E000D8A90 /* PBXContainerItemProxy */;
		};
/* End PBXTargetDependency section */

/* Begin XCBuildConfiguration section */
		826F555D2ECB541E000D8A90 /* Debug */ = {
			isa = XCBuildConfiguration;
			buildSettings = {
				ASSETCATALOG_COMPILER_APPICON_NAME = AppIcon;
				ASSETCATALOG_COMPILER_GLOBAL_ACCENT_COLOR_NAME = AccentColor;
				CODE_SIGN_STYLE = Automatic;
				CURRENT_PROJECT_VERSION = 1;
				GENERATE_INFOPLIST_FILE = YES;
				INFOPLIST_FILE = "ArchToDo MVVM/Info.plist";
				INFOPLIST_KEY_UIApplicationSupportsIndirectInputEvents = YES;
				INFOPLIST_KEY_UILaunchStoryboardName = LaunchScreen;
				INFOPLIST_KEY_UISupportedInterfaceOrientations_iPad = "UIInterfaceOrientationPortrait UIInterfaceOrientationPortraitUpsideDown UIInterfaceOrientationLandscapeLeft UIInterfaceOrientationLandscapeRight";
				INFOPLIST_KEY_UISupportedInterfaceOrientations_iPhone = "UIInterfaceOrientationPortrait UIInterfaceOrientationLandscapeLeft UIInterfaceOrientationLandscapeRight";
				LD_RUNPATH_SEARCH_PATHS = (
					"$(inherited)",
					"@executable_path/Frameworks",
				);
				MARKETING_VERSION = 1.0;
				PRODUCT_BUNDLE_IDENTIFIER = "matheussilva.ArchToDo-MVVM";
				PRODUCT_NAME = "$(TARGET_NAME)";
				STRING_CATALOG_GENERATE_SYMBOLS = YES;
				SWIFT_APPROACHABLE_CONCURRENCY = YES;
				SWIFT_DEFAULT_ACTOR_ISOLATION = MainActor;
				SWIFT_EMIT_LOC_STRINGS = YES;
				SWIFT_UPCOMING_FEATURE_MEMBER_IMPORT_VISIBILITY = YES;
				SWIFT_VERSION = 5.0;
				TARGETED_DEVICE_FAMILY = "1,2";
			};
			name = Debug;
		};
		826F555E2ECB541E000D8A90 /* Release */ = {
			isa = XCBuildConfiguration;
			buildSettings = {
				ASSETCATALOG_COMPILER_APPICON_NAME = AppIcon;
				ASSETCATALOG_COMPILER_GLOBAL_ACCENT_COLOR_NAME = AccentColor;
				CODE_SIGN_STYLE = Automatic;
				CURRENT_PROJECT_VERSION = 1;
				GENERATE_INFOPLIST_FILE = YES;
				INFOPLIST_FILE = "ArchToDo MVVM/Info.plist";
				INFOPLIST_KEY_UIApplicationSupportsIndirectInputEvents = YES;
				INFOPLIST_KEY_UILaunchStoryboardName = LaunchScreen;
				INFOPLIST_KEY_UISupportedInterfaceOrientations_iPad = "UIInterfaceOrientationPortrait UIInterfaceOrientationPortraitUpsideDown UIInterfaceOrientationLandscapeLeft UIInterfaceOrientationLandscapeRight";
				INFOPLIST_KEY_UISupportedInterfaceOrientations_iPhone = "UIInterfaceOrientationPortrait UIInterfaceOrientationLandscapeLeft UIInterfaceOrientationLandscapeRight";
				LD_RUNPATH_SEARCH_PATHS = (
					"$(inherited)",
					"@executable_path/Frameworks",
				);
				MARKETING_VERSION = 1.0;
				PRODUCT_BUNDLE_IDENTIFIER = "matheussilva.ArchToDo-MVVM";
				PRODUCT_NAME = "$(TARGET_NAME)";
				STRING_CATALOG_GENERATE_SYMBOLS = YES;
				SWIFT_APPROACHABLE_CONCURRENCY = YES;
				SWIFT_DEFAULT_ACTOR_ISOLATION = MainActor;
				SWIFT_EMIT_LOC_STRINGS = YES;
				SWIFT_UPCOMING_FEATURE_MEMBER_IMPORT_VISIBILITY = YES;
				SWIFT_VERSION = 5.0;
				TARGETED_DEVICE_FAMILY = "1,2";
			};
			name = Release;
		};
		826F555F2ECB541E000D8A90 /* Debug */ = {
			isa = XCBuildConfiguration;
			buildSettings = {
				ALWAYS_SEARCH_USER_PATHS = NO;
				ASSETCATALOG_COMPILER_GENERATE_SWIFT_ASSET_SYMBOL_EXTENSIONS = YES;
				CLANG_ANALYZER_NONNULL = YES;
				CLANG_ANALYZER_NUMBER_OBJECT_CONVERSION = YES_AGGRESSIVE;
				CLANG_CXX_LANGUAGE_STANDARD = "gnu++20";
				CLANG_ENABLE_MODULES = YES;
				CLANG_ENABLE_OBJC_ARC = YES;
				CLANG_ENABLE_OBJC_WEAK = YES;
				CLANG_WARN_BLOCK_CAPTURE_AUTORELEASING = YES;
				CLANG_WARN_BOOL_CONVERSION = YES;
				CLANG_WARN_COMMA = YES;
				CLANG_WARN_CONSTANT_CONVERSION = YES;
				CLANG_WARN_DEPRECATED_OBJC_IMPLEMENTATIONS = YES;
				CLANG_WARN_DIRECT_OBJC_ISA_USAGE = YES_ERROR;
				CLANG_WARN_DOCUMENTATION_COMMENTS = YES;
				CLANG_WARN_EMPTY_BODY = YES;
				CLANG_WARN_ENUM_CONVERSION = YES;
				CLANG_WARN_INFINITE_RECURSION = YES;
				CLANG_WARN_INT_CONVERSION = YES;
				CLANG_WARN_NON_LITERAL_NULL_CONVERSION = YES;
				CLANG_WARN_OBJC_IMPLICIT_RETAIN_SELF = YES;
				CLANG_WARN_OBJC_LITERAL_CONVERSION = YES;
				CLANG_WARN_OBJC_ROOT_CLASS = YES_ERROR;
				CLANG_WARN_QUOTED_INCLUDE_IN_FRAMEWORK_HEADER = YES;
				CLANG_WARN_RANGE_LOOP_ANALYSIS = YES;
				CLANG_WARN_STRICT_PROTOTYPES = YES;
				CLANG_WARN_SUSPICIOUS_MOVE = YES;
				CLANG_WARN_UNGUARDED_AVAILABILITY = YES_AGGRESSIVE;
				CLANG_WARN_UNREACHABLE_CODE = YES;
				CLANG_WARN__DUPLICATE_METHOD_MATCH = YES;
				COPY_PHASE_STRIP = NO;
				DEBUG_INFORMATION_FORMAT = dwarf;
				ENABLE_STRICT_OBJC_MSGSEND = YES;
				ENABLE_TESTABILITY = YES;
				ENABLE_USER_SCRIPT_SANDBOXING = YES;
				GCC_C_LANGUAGE_STANDARD = gnu17;
				GCC_DYNAMIC_NO_PIC = NO;
				GCC_NO_COMMON_BLOCKS = YES;
				GCC_OPTIMIZATION_LEVEL = 0;
				GCC_PREPROCESSOR_DEFINITIONS = (
					"DEBUG=1",
					"$(inherited)",
				);
				GCC_WARN_64_TO_32_BIT_CONVERSION = YES;
				GCC_WARN_ABOUT_RETURN_TYPE = YES_ERROR;
				GCC_WARN_UNDECLARED_SELECTOR = YES;
				GCC_WARN_UNINITIALIZED_AUTOS = YES_AGGRESSIVE;
				GCC_WARN_UNUSED_FUNCTION = YES;
				GCC_WARN_UNUSED_VARIABLE = YES;
				IPHONEOS_DEPLOYMENT_TARGET = 26.0;
				LOCALIZATION_PREFERS_STRING_CATALOGS = YES;
				MTL_ENABLE_DEBUG_INFO = INCLUDE_SOURCE;
				MTL_FAST_MATH = YES;
				ONLY_ACTIVE_ARCH = YES;
				SDKROOT = iphoneos;
				SWIFT_ACTIVE_COMPILATION_CONDITIONS = "DEBUG $(inherited)";
				SWIFT_OPTIMIZATION_LEVEL = "-Onone";
			};
			name = Debug;
		};
		826F55602ECB541E000D8A90 /* Release */ = {
			isa = XCBuildConfiguration;
			buildSettings = {
				ALWAYS_SEARCH_USER_PATHS = NO;
				ASSETCATALOG_COMPILER_GENERATE_SWIFT_ASSET_SYMBOL_EXTENSIONS = YES;
				CLANG_ANALYZER_NONNULL = YES;
				CLANG_ANALYZER_NUMBER_OBJECT_CONVERSION = YES_AGGRESSIVE;
				CLANG_CXX_LANGUAGE_STANDARD = "gnu++20";
				CLANG_ENABLE_MODULES = YES;
				CLANG_ENABLE_OBJC_ARC = YES;
				CLANG_ENABLE_OBJC_WEAK = YES;
				CLANG_WARN_BLOCK_CAPTURE_AUTORELEASING = YES;
				CLANG_WARN_BOOL_CONVERSION = YES;
				CLANG_WARN_COMMA = YES;
				CLANG_WARN_CONSTANT_CONVERSION = YES;
				CLANG_WARN_DEPRECATED_OBJC_IMPLEMENTATIONS = YES;
				CLANG_WARN_DIRECT_OBJC_ISA_USAGE = YES_ERROR;
				CLANG_WARN_DOCUMENTATION_COMMENTS = YES;
				CLANG_WARN_EMPTY_BODY = YES;
				CLANG_WARN_ENUM_CONVERSION = YES;
				CLANG_WARN_INFINITE_RECURSION = YES;
				CLANG_WARN_INT_CONVERSION = YES;
				CLANG_WARN_NON_LITERAL_NULL_CONVERSION = YES;
				CLANG_WARN_OBJC_IMPLICIT_RETAIN_SELF = YES;
				CLANG_WARN_OBJC_LITERAL_CONVERSION = YES;
				CLANG_WARN_OBJC_ROOT_CLASS = YES_ERROR;
				CLANG_WARN_QUOTED_INCLUDE_IN_FRAMEWORK_HEADER = YES;
				CLANG_WARN_RANGE_LOOP_ANALYSIS = YES;
				CLANG_WARN_STRICT_PROTOTYPES = YES;
				CLANG_WARN_SUSPICIOUS_MOVE = YES;
				CLANG_WARN_UNGUARDED_AVAILABILITY = YES_AGGRESSIVE;
				CLANG_WARN_UNREACHABLE_CODE = YES;
				CLANG_WARN__DUPLICATE_METHOD_MATCH = YES;
				COPY_PHASE_STRIP = NO;
				DEBUG_INFORMATION_FORMAT = "dwarf-with-dsym";
				ENABLE_NS_ASSERTIONS = NO;
				ENABLE_STRICT_OBJC_MSGSEND = YES;
				ENABLE_USER_SCRIPT_SANDBOXING = YES;
				GCC_C_LANGUAGE_STANDARD = gnu17;
				GCC_NO_COMMON_BLOCKS = YES;
				GCC_WARN_64_TO_32_BIT_CONVERSION = YES;
				GCC_WARN_ABOUT_RETURN_TYPE = YES_ERROR;
				GCC_WARN_UNDECLARED_SELECTOR = YES;
				GCC_WARN_UNINITIALIZED_AUTOS = YES_AGGRESSIVE;
				GCC_WARN_UNUSED_FUNCTION = YES;
				GCC_WARN_UNUSED_VARIABLE = YES;
				IPHONEOS_DEPLOYMENT_TARGET = 26.0;
				LOCALIZATION_PREFERS_STRING_CATALOGS = YES;
				MTL_ENABLE_DEBUG_INFO = NO;
				MTL_FAST_MATH = YES;
				SDKROOT = iphoneos;
				SWIFT_COMPILATION_MODE = wholemodule;
				VALIDATE_PRODUCT = YES;
			};
			name = Release;
		};
		826F55622ECB541E000D8A90 /* Debug */ = {
			isa = XCBuildConfiguration;
			buildSettings = {
				BUNDLE_LOADER = "$(TEST_HOST)";
				CODE_SIGN_STYLE = Automatic;
				CURRENT_PROJECT_VERSION = 1;
				GENERATE_INFOPLIST_FILE = YES;
				IPHONEOS_DEPLOYMENT_TARGET = 26.0;
				MARKETING_VERSION = 1.0;
				PRODUCT_BUNDLE_IDENTIFIER = "matheussilva.ArchToDo-MVVMTests";
				PRODUCT_NAME = "$(TARGET_NAME)";
				STRING_CATALOG_GENERATE_SYMBOLS = NO;
				SWIFT_APPROACHABLE_CONCURRENCY = YES;
				SWIFT_EMIT_LOC_STRINGS = NO;
				SWIFT_UPCOMING_FEATURE_MEMBER_IMPORT_VISIBILITY = YES;
				SWIFT_VERSION = 5.0;
				TARGETED_DEVICE_FAMILY = "1,2";
				TEST_HOST = "$(BUILT_PRODUCTS_DIR)/ArchToDo MVVM.app/$(BUNDLE_EXECUTABLE_FOLDER_PATH)/ArchToDo MVVM";
			};
			name = Debug;
		};
		826F55632ECB541E000D8A90 /* Release */ = {
			isa = XCBuildConfiguration;
			buildSettings = {
				BUNDLE_LOADER = "$(TEST_HOST)";
				CODE_SIGN_STYLE = Automatic;
				CURRENT_PROJECT_VERSION = 1;
				GENERATE_INFOPLIST_FILE = YES;
				IPHONEOS_DEPLOYMENT_TARGET = 26.0;
				MARKETING_VERSION = 1.0;
				PRODUCT_BUNDLE_IDENTIFIER = "matheussilva.ArchToDo-MVVMTests";
				PRODUCT_NAME = "$(TARGET_NAME)";
				STRING_CATALOG_GENERATE_SYMBOLS = NO;
				SWIFT_APPROACHABLE_CONCURRENCY = YES;
				SWIFT_EMIT_LOC_STRINGS = NO;
				SWIFT_UPCOMING_FEATURE_MEMBER_IMPORT_VISIBILITY = YES;
				SWIFT_VERSION = 5.0;
				TARGETED_DEVICE_FAMILY = "1,2";
				TEST_HOST = "$(BUILT_PRODUCTS_DIR)/ArchToDo MVVM.app/$(BUNDLE_EXECUTABLE_FOLDER_PATH)/ArchToDo MVVM";
			};
			name = Release;
		};
		826F55652ECB541E000D8A90 /* Debug */ = {
			isa = XCBuildConfiguration;
			buildSettings = {
				CODE_SIGN_STYLE = Automatic;
				CURRENT_PROJECT_VERSION = 1;
				GENERATE_INFOPLIST_FILE = YES;
				MARKETING_VERSION = 1.0;
				PRODUCT_BUNDLE_IDENTIFIER = "matheussilva.ArchToDo-MVVMUITests";
				PRODUCT_NAME = "$(TARGET_NAME)";
				STRING_CATALOG_GENERATE_SYMBOLS = NO;
				SWIFT_APPROACHABLE_CONCURRENCY = YES;
				SWIFT_EMIT_LOC_STRINGS = NO;
				SWIFT_UPCOMING_FEATURE_MEMBER_IMPORT_VISIBILITY = YES;
				SWIFT_VERSION = 5.0;
				TARGETED_DEVICE_FAMILY = "1,2";
				TEST_TARGET_NAME = "ArchToDo MVVM";
			};
			name = Debug;
		};
		826F55662ECB541E000D8A90 /* Release */ = {
			isa = XCBuildConfiguration;
			buildSettings = {
				CODE_SIGN_STYLE = Automatic;
				CURRENT_PROJECT_VERSION = 1;
				GENERATE_INFOPLIST_FILE = YES;
				MARKETING_VERSION = 1.0;
				PRODUCT_BUNDLE_IDENTIFIER = "matheussilva.ArchToDo-MVVMUITests";
				PRODUCT_NAME = "$(TARGET_NAME)";
				STRING_CATALOG_GENERATE_SYMBOLS = NO;
				SWIFT_APPROACHABLE_CONCURRENCY = YES;
				SWIFT_EMIT_LOC_STRINGS = NO;
				SWIFT_UPCOMING_FEATURE_MEMBER_IMPORT_VISIBILITY = YES;
				SWIFT_VERSION = 5.0;
				TARGETED_DEVICE_FAMILY = "1,2";
				TEST_TARGET_NAME = "ArchToDo MVVM";
			};
			name = Release;
		};
/* End XCBuildConfiguration section */

/* Begin XCConfigurationList section */
		826F552E2ECB541D000D8A90 /* Build configuration list for PBXProject "ArchToDo MVVM" */ = {
			isa = XCConfigurationList;
			buildConfigurations = (
				826F555F2ECB541E000D8A90 /* Debug */,
				826F55602ECB541E000D8A90 /* Release */,
			);
			defaultConfigurationIsVisible = 0;
			defaultConfigurationName = Release;
		};
		826F555C2ECB541E000D8A90 /* Build configuration list for PBXNativeTarget "ArchToDo MVVM" */ = {
			isa = XCConfigurationList;
			buildConfigurations = (
				826F555D2ECB541E000D8A90 /* Debug */,
				826F555E2ECB541E000D8A90 /* Release */,
			);
			defaultConfigurationIsVisible = 0;
			defaultConfigurationName = Release;
		};
		826F55612ECB541E000D8A90 /* Build configuration list for PBXNativeTarget "ArchToDo MVVMTests" */ = {
			isa = XCConfigurationList;
			buildConfigurations = (
				826F55622ECB541E000D8A90 /* Debug */,
				826F55632ECB541E000D8A90 /* Release */,
			);
			defaultConfigurationIsVisible = 0;
			defaultConfigurationName = Release;
		};
		826F55642ECB541E000D8A90 /* Build configuration list for PBXNativeTarget "ArchToDo MVVMUITests" */ = {
			isa = XCConfigurationList;
			buildConfigurations = (
				826F55652ECB541E000D8A90 /* Debug */,
				826F55662ECB541E000D8A90 /* Release */,
			);
			defaultConfigurationIsVisible = 0;
			defaultConfigurationName = Release;
		};
/* End XCConfigurationList section */
	};
	rootObject = 826F552B2ECB541D000D8A90 /* Project object */;
}
